
Microsoft Visual Studio Solution File, Format Version 12.00
# Visual Studio Version 16
VisualStudioVersion = 16.0.31112.23
MinimumVisualStudioVersion = 10.0.40219.1
Project("{FAE04EC0-301F-11D3-BF4B-00C04F79EFBC}") = "MiniTaxiBookingApplication", "MiniTaxiBookingApplication\MiniTaxiBookingApplication.csproj", "{0A46E42A-18B4-4DBD-B156-5EF44BCEEE56}"
EndProject
Global
	GlobalSection(SolutionConfigurationPlatforms) = preSolution
		Debug|Any CPU = Debug|Any CPU
		Release|Any CPU = Release|Any CPU
	EndGlobalSection
	GlobalSection(ProjectConfigurationPlatforms) = postSolution
		{0A46E42A-18B4-4DBD-B156-5EF44BCEEE56}.Debug|Any CPU.ActiveCfg = Debug|Any CPU
		{0A46E42A-18B4-4DBD-B156-5EF44BCEEE56}.Debug|Any CPU.Build.0 = Debug|Any CPU
		{0A46E42A-18B4-4DBD-B156-5EF44BCEEE56}.Release|Any CPU.ActiveCfg = Release|Any CPU
		{0A46E42A-18B4-4DBD-B156-5EF44BCEEE56}.Release|Any CPU.Build.0 = Release|Any CPU
	EndGlobalSection
	GlobalSection(SolutionProperties) = preSolution
		HideSolutionNode = FALSE
	EndGlobalSection
	GlobalSection(ExtensibilityGlobals) = postSolution
		SolutionGuid = {6B94DDFA-57A1-4ABE-B3F5-A50C0BF2387A}
	EndGlobalSection
EndGlobal
